// !$*UTF8*$!
{
	archiveVersion = 1;
	classes = {
	};
	objectVersion = 50;
	objects = {

/* Begin PBXBuildFile section */
		2BF756AB7D66C892985B1B00 /* Pods_All_Sample.framework in Frameworks */ = {isa = PBXBuildFile; fileRef = 0FABF9A4AF03BC2269DFD22D /* Pods_All_Sample.framework */; };
		5CEC1E0D226588AC003194AE /* AppDelegate.swift in Sources */ = {isa = PBXBuildFile; fileRef = 5CEC1E0C226588AC003194AE /* AppDelegate.swift */; };
		5CEC1E0F226588AC003194AE /* ViewController.swift in Sources */ = {isa = PBXBuildFile; fileRef = 5CEC1E0E226588AC003194AE /* ViewController.swift */; };
		5CEC1E12226588AC003194AE /* Main.storyboard in Resources */ = {isa = PBXBuildFile; fileRef = 5CEC1E10226588AC003194AE /* Main.storyboard */; };
		5CEC1E14226588AD003194AE /* Assets.xcassets in Resources */ = {isa = PBXBuildFile; fileRef = 5CEC1E13226588AD003194AE /* Assets.xcassets */; };
		5CEC1E17226588AD003194AE /* LaunchScreen.storyboard in Resources */ = {isa = PBXBuildFile; fileRef = 5CEC1E15226588AD003194AE /* LaunchScreen.storyboard */; };
		5CEC1E1F22658B29003194AE /* EABlurView.framework in Frameworks */ = {isa = PBXBuildFile; fileRef = 5CEC1E1E22658B29003194AE /* EABlurView.framework */; };
/* End PBXBuildFile section */

/* Begin PBXFileReference section */
		0C48A172ABCB7D7443692B86 /* Pods-All-Sample.release.xcconfig */ = {isa = PBXFileReference; includeInIndex = 1; lastKnownFileType = text.xcconfig; name = "Pods-All-Sample.release.xcconfig"; path = "Pods/Target Support Files/Pods-All-Sample/Pods-All-Sample.release.xcconfig"; sourceTree = "<group>"; };
		0FABF9A4AF03BC2269DFD22D /* Pods_All_Sample.framework */ = {isa = PBXFileReference; explicitFileType = wrapper.framework; includeInIndex = 0; path = Pods_All_Sample.framework; sourceTree = BUILT_PRODUCTS_DIR; };
		5CEC1E09226588AC003194AE /* Sample.app */ = {isa = PBXFileReference; explicitFileType = wrapper.application; includeInIndex = 0; path = Sample.app; sourceTree = BUILT_PRODUCTS_DIR; };
		5CEC1E0C226588AC003194AE /* AppDelegate.swift */ = {isa = PBXFileReference; lastKnownFileType = sourcecode.swift; path = AppDelegate.swift; sourceTree = "<group>"; };
		5CEC1E0E226588AC003194AE /* ViewController.swift */ = {isa = PBXFileReference; lastKnownFileType = sourcecode.swift; path = ViewController.swift; sourceTree = "<group>"; };
		5CEC1E11226588AC003194AE /* Base */ = {isa = PBXFileReference; lastKnownFileType = file.storyboard; name = Base; path = Base.lproj/Main.storyboard; sourceTree = "<group>"; };
		5CEC1E13226588AD003194AE /* Assets.xcassets */ = {isa = PBXFileReference; lastKnownFileType = folder.assetcatalog; path = Assets.xcassets; sourceTree = "<group>"; };
		5CEC1E16226588AD003194AE /* Base */ = {isa = PBXFileReference; lastKnownFileType = file.storyboard; name = Base; path = Base.lproj/LaunchScreen.storyboard; sourceTree = "<group>"; };
		5CEC1E18226588AD003194AE /* Info.plist */ = {isa = PBXFileReference; lastKnownFileType = text.plist.xml; path = Info.plist; sourceTree = "<group>"; };
		5CEC1E1E22658B29003194AE /* EABlurView.framework */ = {isa = PBXFileReference; explicitFileType = wrapper.framework; path = EABlurView.framework; sourceTree = BUILT_PRODUCTS_DIR; };
		F696A3D080E30C2F8A023A23 /* Pods-All-Sample.debug.xcconfig */ = {isa = PBXFileReference; includeInIndex = 1; lastKnownFileType = text.xcconfig; name = "Pods-All-Sample.debug.xcconfig"; path = "Pods/Target Support Files/Pods-All-Sample/Pods-All-Sample.debug.xcconfig"; sourceTree = "<group>"; };
/* End PBXFileReference section */

/* Begin PBXFrameworksBuildPhase section */
		5CEC1E06226588AC003194AE /* Frameworks */ = {
			isa = PBXFrameworksBuildPhase;
			buildActionMask = 2147483647;
			files = (
				5CEC1E1F22658B29003194AE /* EABlurView.framework in Frameworks */,
				2BF756AB7D66C892985B1B00 /* Pods_All_Sample.framework in Frameworks */,
			);
			runOnlyForDeploymentPostprocessing = 0;
		};
/* End PBXFrameworksBuildPhase section */

/* Begin PBXGroup section */
		2310937D04653C3A700C65BF /* Pods */ = {
			isa = PBXGroup;
			children = (
				F696A3D080E30C2F8A023A23 /* Pods-All-Sample.debug.xcconfig */,
				0C48A172ABCB7D7443692B86 /* Pods-All-Sample.release.xcconfig */,
			);
			name = Pods;
			sourceTree = "<group>";
		};
		5CEC1E00226588AC003194AE = {
			isa = PBXGroup;
			children = (
				5CEC1E0B226588AC003194AE /* Sample */,
				5CEC1E0A226588AC003194AE /* Products */,
				2310937D04653C3A700C65BF /* Pods */,
				AB3CD975263E3653BF95AEF0 /* Frameworks */,
			);
			sourceTree = "<group>";
		};
		5CEC1E0A226588AC003194AE /* Products */ = {
			isa = PBXGroup;
			children = (
				5CEC1E09226588AC003194AE /* Sample.app */,
			);
			name = Products;
			sourceTree = "<group>";
		};
		5CEC1E0B226588AC003194AE /* Sample */ = {
			isa = PBXGroup;
			children = (
				5CEC1E0C226588AC003194AE /* AppDelegate.swift */,
				5CEC1E0E226588AC003194AE /* ViewController.swift */,
				5CEC1E10226588AC003194AE /* Main.storyboard */,
				5CEC1E13226588AD003194AE /* Assets.xcassets */,
				5CEC1E15226588AD003194AE /* LaunchScreen.storyboard */,
				5CEC1E18226588AD003194AE /* Info.plist */,
			);
			path = Sample;
			sourceTree = "<group>";
		};
		AB3CD975263E3653BF95AEF0 /* Frameworks */ = {
			isa = PBXGroup;
			children = (
				5CEC1E1E22658B29003194AE /* EABlurView.framework */,
				0FABF9A4AF03BC2269DFD22D /* Pods_All_Sample.framework */,
			);
			name = Frameworks;
			sourceTree = "<group>";
		};
/* End PBXGroup section */

/* Begin PBXNativeTarget section */
		5CEC1E08226588AC003194AE /* Sample */ = {
			isa = PBXNativeTarget;
			buildConfigurationList = 5CEC1E1B226588AD003194AE /* Build configuration list for PBXNativeTarget "Sample" */;
			buildPhases = (
				9055769E7132112126C8D8C7 /* [CP] Check Pods Manifest.lock */,
				5CEC1E05226588AC003194AE /* Sources */,
				5CEC1E06226588AC003194AE /* Frameworks */,
				5CEC1E07226588AC003194AE /* Resources */,
				B2EE2C9A5C9BE043ADE1F2E3 /* [CP] Embed Pods Frameworks */,
			);
			buildRules = (
			);
			dependencies = (
			);
			name = Sample;
			productName = Sample;
			productReference = 5CEC1E09226588AC003194AE /* Sample.app */;
			productType = "com.apple.product-type.application";
		};
/* End PBXNativeTarget section */

/* Begin PBXProject section */
		5CEC1E01226588AC003194AE /* Project object */ = {
			isa = PBXProject;
			attributes = {
				LastSwiftUpdateCheck = 1020;
				LastUpgradeCheck = 1020;
				ORGANIZATIONNAME = "Bushtit Lab";
				TargetAttributes = {
					5CEC1E08226588AC003194AE = {
						CreatedOnToolsVersion = 10.2;
					};
				};
			};
			buildConfigurationList = 5CEC1E04226588AC003194AE /* Build configuration list for PBXProject "Sample" */;
			compatibilityVersion = "Xcode 9.3";
			developmentRegion = en;
			hasScannedForEncodings = 0;
			knownRegions = (
				en,
				Base,
			);
			mainGroup = 5CEC1E00226588AC003194AE;
			productRefGroup = 5CEC1E0A226588AC003194AE /* Products */;
			projectDirPath = "";
			projectRoot = "";
			targets = (
				5CEC1E08226588AC003194AE /* Sample */,
			);
		};
/* End PBXProject section */

/* Begin PBXResourcesBuildPhase section */
		5CEC1E07226588AC003194AE /* Resources */ = {
			isa = PBXResourcesBuildPhase;
			buildActionMask = 2147483647;
			files = (
				5CEC1E17226588AD003194AE /* LaunchScreen.storyboard in Resources */,
				5CEC1E14226588AD003194AE /* Assets.xcassets in Resources */,
				5CEC1E12226588AC003194AE /* Main.storyboard in Resources */,
			);
			runOnlyForDeploymentPostprocessing = 0;
		};
/* End PBXResourcesBuildPhase section */

/* Begin PBXShellScriptBuildPhase section */
		9055769E7132112126C8D8C7 /* [CP] Check Pods Manifest.lock */ = {
			isa = PBXShellScriptBuildPhase;
			buildActionMask = 2147483647;
			files = (
			);
			inputFileListPaths = (
			);
			inputPaths = (
				"${PODS_PODFILE_DIR_PATH}/Podfile.lock",
				"${PODS_ROOT}/Manifest.lock",
			);
			name = "[CP] Check Pods Manifest.lock";
			outputFileListPaths = (
			);
			outputPaths = (
				"$(DERIVED_FILE_DIR)/Pods-All-Sample-checkManifestLockResult.txt",
			);
			runOnlyForDeploymentPostprocessing = 0;
			shellPath = /bin/sh;
			shellScript = "diff \"${PODS_PODFILE_DIR_PATH}/Podfile.lock\" \"${PODS_ROOT}/Manifest.lock\" > /dev/null\nif [ $? != 0 ] ; then\n    # print error to STDERR\n    echo \"error: The sandbox is not in sync with the Podfile.lock. Run 'pod install' or update your CocoaPods installation.\" >&2\n    exit 1\nfi\n# This output is used by Xcode 'outputs' to avoid re-running this script phase.\necho \"SUCCESS\" > \"${SCRIPT_OUTPUT_FILE_0}\"\n";
			showEnvVarsInLog = 0;
		};
		B2EE2C9A5C9BE043ADE1F2E3 /* [CP] Embed Pods Frameworks */ = {
			isa = PBXShellScriptBuildPhase;
			buildActionMask = 2147483647;
			files = (
			);
			inputFileListPaths = (
			);
			inputPaths = (
				"${SRCROOT}/Pods/Target Support Files/Pods-All-Sample/Pods-All-Sample-frameworks.sh",
				"${BUILT_PRODUCTS_DIR}/EABlurView/EABlurView.framework",
			);
			name = "[CP] Embed Pods Frameworks";
			outputFileListPaths = (
			);
			outputPaths = (
				"${TARGET_BUILD_DIR}/${FRAMEWORKS_FOLDER_PATH}/EABlurView.framework",
			);
			runOnlyForDeploymentPostprocessing = 0;
			shellPath = /bin/sh;
			shellScript = "\"${SRCROOT}/Pods/Target Support Files/Pods-All-Sample/Pods-All-Sample-frameworks.sh\"\n";
			showEnvVarsInLog = 0;
		};
/* End PBXShellScriptBuildPhase section */

/* Begin PBXSourcesBuildPhase section */
		5CEC1E05226588AC003194AE /* Sources */ = {
			isa = PBXSourcesBuildPhase;
			buildActionMask = 2147483647;
			files = (
				5CEC1E0F226588AC003194AE /* ViewController.swift in Sources */,
				5CEC1E0D226588AC003194AE /* AppDelegate.swift in Sources */,
			);
			runOnlyForDeploymentPostprocessing = 0;
		};
/* End PBXSourcesBuildPhase section */

/* Begin PBXVariantGroup section */
		5CEC1E10226588AC003194AE /* Main.storyboard */ = {
			isa = PBXVariantGroup;
			children = (
				5CEC1E11226588AC003194AE /* Base */,
			);
			name = Main.storyboard;
			sourceTree = "<group>";
		};
		5CEC1E15226588AD003194AE /* LaunchScreen.storyboard */ = {
			isa = PBXVariantGroup;
			children = (
				5CEC1E16226588AD003194AE /* Base */,
			);
			name = LaunchScreen.storyboard;
			sourceTree = "<group>";
		};
/* End PBXVariantGroup section */

/* Begin XCBuildConfiguration section */
		5CEC1E19226588AD003194AE /* Debug */ = {
			isa = XCBuildConfiguration;
			buildSettings = {
				ALWAYS_SEARCH_USER_PATHS = NO;
				CLANG_ANALYZER_NONNULL = YES;
				CLANG_ANALYZER_NUMBER_OBJECT_CONVERSION = YES_AGGRESSIVE;
				CLANG_CXX_LANGUAGE_STANDARD = "gnu++14";
				CLANG_CXX_LIBRARY = "libc++";
				CLANG_ENABLE_MODULES = YES;
				CLANG_ENABLE_OBJC_ARC = YES;
				CLANG_ENABLE_OBJC_WEAK = YES;
				CLANG_WARN_BLOCK_CAPTURE_AUTORELEASING = YES;
				CLANG_WARN_BOOL_CONVERSION = YES;
				CLANG_WARN_COMMA = YES;
				CLANG_WARN_CONSTANT_CONVERSION = YES;
				CLANG_WARN_DEPRECATED_OBJC_IMPLEMENTATIONS = YES;
				CLANG_WARN_DIRECT_OBJC_ISA_USAGE = YES_ERROR;
				CLANG_WARN_DOCUMENTATION_COMMENTS = YES;
				CLANG_WARN_EMPTY_BODY = YES;
				CLANG_WARN_ENUM_CONVERSION = YES;
				CLANG_WARN_INFINITE_RECURSION = YES;
				CLANG_WARN_INT_CONVERSION = YES;
				CLANG_WARN_NON_LITERAL_NULL_CONVERSION = YES;
				CLANG_WARN_OBJC_IMPLICIT_RETAIN_SELF = YES;
				CLANG_WARN_OBJC_LITERAL_CONVERSION = YES;
				CLANG_WARN_OBJC_ROOT_CLASS = YES_ERROR;
				CLANG_WARN_RANGE_LOOP_ANALYSIS = YES;
				CLANG_WARN_STRICT_PROTOTYPES = YES;
				CLANG_WARN_SUSPICIOUS_MOVE = YES;
				CLANG_WARN_UNGUARDED_AVAILABILITY = YES_AGGRESSIVE;
				CLANG_WARN_UNREACHABLE_CODE = YES;
				CLANG_WARN__DUPLICATE_METHOD_MATCH = YES;
				CODE_SIGN_IDENTITY = "iPhone Developer";
				COPY_PHASE_STRIP = NO;
				DEBUG_INFORMATION_FORMAT = dwarf;
				ENABLE_STRICT_OBJC_MSGSEND = YES;
				ENABLE_TESTABILITY = YES;
				GCC_C_LANGUAGE_STANDARD = gnu11;
				GCC_DYNAMIC_NO_PIC = NO;
				GCC_NO_COMMON_BLOCKS = YES;
				GCC_OPTIMIZATION_LEVEL = 0;
				GCC_PREPROCESSOR_DEFINITIONS = (
					"DEBUG=1",
					"$(inherited)",
				);
				GCC_WARN_64_TO_32_BIT_CONVERSION = YES;
				GCC_WARN_ABOUT_RETURN_TYPE = YES_ERROR;
				GCC_WARN_UNDECLARED_SELECTOR = YES;
				GCC_WARN_UNINITIALIZED_AUTOS = YES_AGGRESSIVE;
				GCC_WARN_UNUSED_FUNCTION = YES;
				GCC_WARN_UNUSED_VARIABLE = YES;
				IPHONEOS_DEPLOYMENT_TARGET = 12.2;
				MTL_ENABLE_DEBUG_INFO = INCLUDE_SOURCE;
				MTL_FAST_MATH = YES;
				ONLY_ACTIVE_ARCH = YES;
				SDKROOT = iphoneos;
				SWIFT_ACTIVE_COMPILATION_CONDITIONS = DEBUG;
				SWIFT_OPTIMIZATION_LEVEL = "-Onone";
			};
			name = Debug;
		};
		5CEC1E1A226588AD003194AE /* Release */ = {
			isa = XCBuildConfiguration;
			buildSettings = {
				ALWAYS_SEARCH_USER_PATHS = NO;
				CLANG_ANALYZER_NONNULL = YES;
				CLANG_ANALYZER_NUMBER_OBJECT_CONVERSION = YES_AGGRESSIVE;
				CLANG_CXX_LANGUAGE_STANDARD = "gnu++14";
				CLANG_CXX_LIBRARY = "libc++";
				CLANG_ENABLE_MODULES = YES;
				CLANG_ENABLE_OBJC_ARC = YES;
				CLANG_ENABLE_OBJC_WEAK = YES;
				CLANG_WARN_BLOCK_CAPTURE_AUTORELEASING = YES;
				CLANG_WARN_BOOL_CONVERSION = YES;
				CLANG_WARN_COMMA = YES;
				CLANG_WARN_CONSTANT_CONVERSION = YES;
				CLANG_WARN_DEPRECATED_OBJC_IMPLEMENTATIONS = YES;
				CLANG_WARN_DIRECT_OBJC_ISA_USAGE = YES_ERROR;
				CLANG_WARN_DOCUMENTATION_COMMENTS = YES;
				CLANG_WARN_EMPTY_BODY = YES;
				CLANG_WARN_ENUM_CONVERSION = YES;
				CLANG_WARN_INFINITE_RECURSION = YES;
				CLANG_WARN_INT_CONVERSION = YES;
				CLANG_WARN_NON_LITERAL_NULL_CONVERSION = YES;
				CLANG_WARN_OBJC_IMPLICIT_RETAIN_SELF = YES;
				CLANG_WARN_OBJC_LITERAL_CONVERSION = YES;
				CLANG_WARN_OBJC_ROOT_CLASS = YES_ERROR;
				CLANG_WARN_RANGE_LOOP_ANALYSIS = YES;
				CLANG_WARN_STRICT_PROTOTYPES = YES;
				CLANG_WARN_SUSPICIOUS_MOVE = YES;
				CLANG_WARN_UNGUARDED_AVAILABILITY = YES_AGGRESSIVE;
				CLANG_WARN_UNREACHABLE_CODE = YES;
				CLANG_WARN__DUPLICATE_METHOD_MATCH = YES;
				CODE_SIGN_IDENTITY = "iPhone Developer";
				COPY_PHASE_STRIP = NO;
				DEBUG_INFORMATION_FORMAT = "dwarf-with-dsym";
				ENABLE_NS_ASSERTIONS = NO;
				ENABLE_STRICT_OBJC_MSGSEND = YES;
				GCC_C_LANGUAGE_STANDARD = gnu11;
				GCC_NO_COMMON_BLOCKS = YES;
				GCC_WARN_64_TO_32_BIT_CONVERSION = YES;
				GCC_WARN_ABOUT_RETURN_TYPE = YES_ERROR;
				GCC_WARN_UNDECLARED_SELECTOR = YES;
				GCC_WARN_UNINITIALIZED_AUTOS = YES_AGGRESSIVE;
				GCC_WARN_UNUSED_FUNCTION = YES;
				GCC_WARN_UNUSED_VARIABLE = YES;
				IPHONEOS_DEPLOYMENT_TARGET = 12.2;
				MTL_ENABLE_DEBUG_INFO = NO;
				MTL_FAST_MATH = YES;
				SDKROOT = iphoneos;
				SWIFT_COMPILATION_MODE = wholemodule;
				SWIFT_OPTIMIZATION_LEVEL = "-O";
				VALIDATE_PRODUCT = YES;
			};
			name = Release;
		};
		5CEC1E1C226588AD003194AE /* Debug */ = {
			isa = XCBuildConfiguration;
			baseConfigurationReference = F696A3D080E30C2F8A023A23 /* Pods-All-Sample.debug.xcconfig */;
			buildSettings = {
				ASSETCATALOG_COMPILER_APPICON_NAME = AppIcon;
				CODE_SIGN_STYLE = Automatic;
				DEVELOPMENT_TEAM = 63YL5QDMNS;
				INFOPLIST_FILE = Sample/Info.plist;
				LD_RUNPATH_SEARCH_PATHS = (
					"$(inherited)",
					"@executable_path/Frameworks",
				);
				PRODUCT_BUNDLE_IDENTIFIER = cn.meniny.Sample;
				PRODUCT_NAME = "$(TARGET_NAME)";
				SWIFT_VERSION = 5.0;
				TARGETED_DEVICE_FAMILY = "1,2";
			};
			name = Debug;
		};
		5CEC1E1D226588AD003194AE /* Release */ = {
			isa = XCBuildConfiguration;
			baseConfigurationReference = 0C48A172ABCB7D7443692B86 /* Pods-All-Sample.release.xcconfig */;
			buildSettings = {
				ASSETCATALOG_COMPILER_APPICON_NAME = AppIcon;
				CODE_SIGN_STYLE = Automatic;
				DEVELOPMENT_TEAM = 63YL5QDMNS;
				INFOPLIST_FILE = Sample/Info.plist;
				LD_RUNPATH_SEARCH_PATHS = (
					"$(inherited)",
					"@executable_path/Frameworks",
				);
				PRODUCT_BUNDLE_IDENTIFIER = cn.meniny.Sample;
				PRODUCT_NAME = "$(TARGET_NAME)";
				SWIFT_VERSION = 5.0;
				TARGETED_DEVICE_FAMILY = "1,2";
			};
			name = Release;
		};
/* End XCBuildConfiguration section */

/* Begin XCConfigurationList section */
		5CEC1E04226588AC003194AE /* Build configuration list for PBXProject "Sample" */ = {
			isa = XCConfigurationList;
			buildConfigurations = (
				5CEC1E19226588AD003194AE /* Debug */,
				5CEC1E1A226588AD003194AE /* Release */,
			);
			defaultConfigurationIsVisible = 0;
			defaultConfigurationName = Release;
		};
		5CEC1E1B226588AD003194AE /* Build configuration list for PBXNativeTarget "Sample" */ = {
			isa = XCConfigurationList;
			buildConfigurations = (
				5CEC1E1C226588AD003194AE /* Debug */,
				5CEC1E1D226588AD003194AE /* Release */,
			);
			defaultConfigurationIsVisible = 0;
			defaultConfigurationName = Release;
		};
/* End XCConfigurationList section */
	};
	rootObject = 5CEC1E01226588AC003194AE /* Project object */;
}
